// !$*UTF8*$!
{
	archiveVersion = 1;
	classes = {
	};
	objectVersion = 46;
	objects = {

/* Begin PBXBuildFile section */
		09CFAC8D1EFBB91D00E0F94C /* main.m in Sources */ = {isa = PBXBuildFile; fileRef = 09CFAC8C1EFBB91D00E0F94C /* main.m */; };
		09CFAC901EFBB91D00E0F94C /* AppDelegate.m in Sources */ = {isa = PBXBuildFile; fileRef = 09CFAC8F1EFBB91D00E0F94C /* AppDelegate.m */; };
		09CFAC981EFBB91D00E0F94C /* Assets.xcassets in Resources */ = {isa = PBXBuildFile; fileRef = 09CFAC971EFBB91D00E0F94C /* Assets.xcassets */; };
		09CFACA61EFBB91E00E0F94C /* WaveViewDemoTests.m in Sources */ = {isa = PBXBuildFile; fileRef = 09CFACA51EFBB91E00E0F94C /* WaveViewDemoTests.m */; };
		09CFACB11EFBB91E00E0F94C /* WaveViewDemoUITests.m in Sources */ = {isa = PBXBuildFile; fileRef = 09CFACB01EFBB91E00E0F94C /* WaveViewDemoUITests.m */; };
		09CFACC01EFBBBE700E0F94C /* BaseTabBarController.m in Sources */ = {isa = PBXBuildFile; fileRef = 09CFACBF1EFBBBE700E0F94C /* BaseTabBarController.m */; };
		09CFACCC1EFBBDB500E0F94C /* BaseViewController.m in Sources */ = {isa = PBXBuildFile; fileRef = 09CFACCB1EFBBDB500E0F94C /* BaseViewController.m */; };
		09CFACCF1EFBBDC200E0F94C /* HomeViewController.m in Sources */ = {isa = PBXBuildFile; fileRef = 09CFACCE1EFBBDC200E0F94C /* HomeViewController.m */; };
		09CFACD21EFBBDD200E0F94C /* MeViewController.m in Sources */ = {isa = PBXBuildFile; fileRef = 09CFACD11EFBBDD200E0F94C /* MeViewController.m */; };
		09CFACDC1EFBC89B00E0F94C /* index_icn_active@2x.png in Resources */ = {isa = PBXBuildFile; fileRef = 09CFACD41EFBC89B00E0F94C /* index_icn_active@2x.png */; };
		09CFACDD1EFBC89B00E0F94C /* index_icn_active@3x.png in Resources */ = {isa = PBXBuildFile; fileRef = 09CFACD51EFBC89B00E0F94C /* index_icn_active@3x.png */; };
		09CFACDE1EFBC89B00E0F94C /* index_icn_inactive@2x.png in Resources */ = {isa = PBXBuildFile; fileRef = 09CFACD61EFBC89B00E0F94C /* index_icn_inactive@2x.png */; };
		09CFACDF1EFBC89B00E0F94C /* index_icn_inactive@3x.png in Resources */ = {isa = PBXBuildFile; fileRef = 09CFACD71EFBC89B00E0F94C /* index_icn_inactive@3x.png */; };
		09CFACE01EFBC89B00E0F94C /* mine_icn_active@2x.png in Resources */ = {isa = PBXBuildFile; fileRef = 09CFACD81EFBC89B00E0F94C /* mine_icn_active@2x.png */; };
		09CFACE11EFBC89B00E0F94C /* mine_icn_active@3x.png in Resources */ = {isa = PBXBuildFile; fileRef = 09CFACD91EFBC89B00E0F94C /* mine_icn_active@3x.png */; };
		09CFACE21EFBC89B00E0F94C /* mine_icn_inactive@2x.png in Resources */ = {isa = PBXBuildFile; fileRef = 09CFACDA1EFBC89B00E0F94C /* mine_icn_inactive@2x.png */; };
		09CFACE31EFBC89B00E0F94C /* mine_icn_inactive@3x.png in Resources */ = {isa = PBXBuildFile; fileRef = 09CFACDB1EFBC89B00E0F94C /* mine_icn_inactive@3x.png */; };
		09CFACE81EFBDD0A00E0F94C /* HeaderView.m in Sources */ = {isa = PBXBuildFile; fileRef = 09CFACE71EFBDD0A00E0F94C /* HeaderView.m */; };
		09CFACEC1EFBE42F00E0F94C /* header@2x.png in Resources */ = {isa = PBXBuildFile; fileRef = 09CFACEB1EFBE42F00E0F94C /* header@2x.png */; };
		09CFACF01EFBEA0C00E0F94C /* JYWaveView.m in Sources */ = {isa = PBXBuildFile; fileRef = 09CFACEF1EFBEA0C00E0F94C /* JYWaveView.m */; };
		09CFACF41EFC14DD00E0F94C /* WeakProxy.m in Sources */ = {isa = PBXBuildFile; fileRef = 09CFACF31EFC14DD00E0F94C /* WeakProxy.m */; };
		09CFACF71EFCE13F00E0F94C /* WaveTestViewController.m in Sources */ = {isa = PBXBuildFile; fileRef = 09CFACF61EFCE13F00E0F94C /* WaveTestViewController.m */; };
/* End PBXBuildFile section */

/* Begin PBXContainerItemProxy section */
		09CFACA21EFBB91E00E0F94C /* PBXContainerItemProxy */ = {
			isa = PBXContainerItemProxy;
			containerPortal = 09CFAC801EFBB91D00E0F94C /* Project object */;
			proxyType = 1;
			remoteGlobalIDString = 09CFAC871EFBB91D00E0F94C;
			remoteInfo = WaveViewDemo;
		};
		09CFACAD1EFBB91E00E0F94C /* PBXContainerItemProxy */ = {
			isa = PBXContainerItemProxy;
			containerPortal = 09CFAC801EFBB91D00E0F94C /* Project object */;
			proxyType = 1;
			remoteGlobalIDString = 09CFAC871EFBB91D00E0F94C;
			remoteInfo = WaveViewDemo;
		};
/* End PBXContainerItemProxy section */

/* Begin PBXFileReference section */
		09CFAC881EFBB91D00E0F94C /* WaveViewDemo.app */ = {isa = PBXFileReference; explicitFileType = wrapper.application; includeInIndex = 0; path = WaveViewDemo.app; sourceTree = BUILT_PRODUCTS_DIR; };
		09CFAC8C1EFBB91D00E0F94C /* main.m */ = {isa = PBXFileReference; lastKnownFileType = sourcecode.c.objc; path = main.m; sourceTree = "<group>"; };
		09CFAC8E1EFBB91D00E0F94C /* AppDelegate.h */ = {isa = PBXFileReference; lastKnownFileType = sourcecode.c.h; path = AppDelegate.h; sourceTree = "<group>"; };
		09CFAC8F1EFBB91D00E0F94C /* AppDelegate.m */ = {isa = PBXFileReference; lastKnownFileType = sourcecode.c.objc; path = AppDelegate.m; sourceTree = "<group>"; };
		09CFAC971EFBB91D00E0F94C /* Assets.xcassets */ = {isa = PBXFileReference; lastKnownFileType = folder.assetcatalog; path = Assets.xcassets; sourceTree = "<group>"; };
		09CFAC9C1EFBB91D00E0F94C /* Info.plist */ = {isa = PBXFileReference; lastKnownFileType = text.plist.xml; path = Info.plist; sourceTree = "<group>"; };
		09CFACA11EFBB91E00E0F94C /* WaveViewDemoTests.xctest */ = {isa = PBXFileReference; explicitFileType = wrapper.cfbundle; includeInIndex = 0; path = WaveViewDemoTests.xctest; sourceTree = BUILT_PRODUCTS_DIR; };
		09CFACA51EFBB91E00E0F94C /* WaveViewDemoTests.m */ = {isa = PBXFileReference; lastKnownFileType = sourcecode.c.objc; path = WaveViewDemoTests.m; sourceTree = "<group>"; };
		09CFACA71EFBB91E00E0F94C /* Info.plist */ = {isa = PBXFileReference; lastKnownFileType = text.plist.xml; path = Info.plist; sourceTree = "<group>"; };
		09CFACAC1EFBB91E00E0F94C /* WaveViewDemoUITests.xctest */ = {isa = PBXFileReference; explicitFileType = wrapper.cfbundle; includeInIndex = 0; path = WaveViewDemoUITests.xctest; sourceTree = BUILT_PRODUCTS_DIR; };
		09CFACB01EFBB91E00E0F94C /* WaveViewDemoUITests.m */ = {isa = PBXFileReference; lastKnownFileType = sourcecode.c.objc; path = WaveViewDemoUITests.m; sourceTree = "<group>"; };
		09CFACB21EFBB91E00E0F94C /* Info.plist */ = {isa = PBXFileReference; lastKnownFileType = text.plist.xml; path = Info.plist; sourceTree = "<group>"; };
		09CFACBE1EFBBBE700E0F94C /* BaseTabBarController.h */ = {isa = PBXFileReference; fileEncoding = 4; lastKnownFileType = sourcecode.c.h; path = BaseTabBarController.h; sourceTree = "<group>"; };
		09CFACBF1EFBBBE700E0F94C /* BaseTabBarController.m */ = {isa = PBXFileReference; fileEncoding = 4; lastKnownFileType = sourcecode.c.objc; path = BaseTabBarController.m; sourceTree = "<group>"; };
		09CFACCA1EFBBDB500E0F94C /* BaseViewController.h */ = {isa = PBXFileReference; fileEncoding = 4; lastKnownFileType = sourcecode.c.h; path = BaseViewController.h; sourceTree = "<group>"; };
		09CFACCB1EFBBDB500E0F94C /* BaseViewController.m */ = {isa = PBXFileReference; fileEncoding = 4; lastKnownFileType = sourcecode.c.objc; path = BaseViewController.m; sourceTree = "<group>"; };
		09CFACCD1EFBBDC200E0F94C /* HomeViewController.h */ = {isa = PBXFileReference; fileEncoding = 4; lastKnownFileType = sourcecode.c.h; path = HomeViewController.h; sourceTree = "<group>"; };
		09CFACCE1EFBBDC200E0F94C /* HomeViewController.m */ = {isa = PBXFileReference; fileEncoding = 4; lastKnownFileType = sourcecode.c.objc; path = HomeViewController.m; sourceTree = "<group>"; };
		09CFACD01EFBBDD200E0F94C /* MeViewController.h */ = {isa = PBXFileReference; fileEncoding = 4; lastKnownFileType = sourcecode.c.h; path = MeViewController.h; sourceTree = "<group>"; };
		09CFACD11EFBBDD200E0F94C /* MeViewController.m */ = {isa = PBXFileReference; fileEncoding = 4; lastKnownFileType = sourcecode.c.objc; path = MeViewController.m; sourceTree = "<group>"; };
		09CFACD41EFBC89B00E0F94C /* index_icn_active@2x.png */ = {isa = PBXFileReference; lastKnownFileType = image.png; name = "index_icn_active@2x.png"; path = "images/index_icn_active@2x.png"; sourceTree = "<group>"; };
		09CFACD51EFBC89B00E0F94C /* index_icn_active@3x.png */ = {isa = PBXFileReference; lastKnownFileType = image.png; name = "index_icn_active@3x.png"; path = "images/index_icn_active@3x.png"; sourceTree = "<group>"; };
		09CFACD61EFBC89B00E0F94C /* index_icn_inactive@2x.png */ = {isa = PBXFileReference; lastKnownFileType = image.png; name = "index_icn_inactive@2x.png"; path = "images/index_icn_inactive@2x.png"; sourceTree = "<group>"; };
		09CFACD71EFBC89B00E0F94C /* index_icn_inactive@3x.png */ = {isa = PBXFileReference; lastKnownFileType = image.png; name = "index_icn_inactive@3x.png"; path = "images/index_icn_inactive@3x.png"; sourceTree = "<group>"; };
		09CFACD81EFBC89B00E0F94C /* mine_icn_active@2x.png */ = {isa = PBXFileReference; lastKnownFileType = image.png; name = "mine_icn_active@2x.png"; path = "images/mine_icn_active@2x.png"; sourceTree = "<group>"; };
		09CFACD91EFBC89B00E0F94C /* mine_icn_active@3x.png */ = {isa = PBXFileReference; lastKnownFileType = image.png; name = "mine_icn_active@3x.png"; path = "images/mine_icn_active@3x.png"; sourceTree = "<group>"; };
		09CFACDA1EFBC89B00E0F94C /* mine_icn_inactive@2x.png */ = {isa = PBXFileReference; lastKnownFileType = image.png; name = "mine_icn_inactive@2x.png"; path = "images/mine_icn_inactive@2x.png"; sourceTree = "<group>"; };
		09CFACDB1EFBC89B00E0F94C /* mine_icn_inactive@3x.png */ = {isa = PBXFileReference; lastKnownFileType = image.png; name = "mine_icn_inactive@3x.png"; path = "images/mine_icn_inactive@3x.png"; sourceTree = "<group>"; };
		09CFACE41EFBC96B00E0F94C /* PrefixHeader.pch */ = {isa = PBXFileReference; lastKnownFileType = sourcecode.c.h; path = PrefixHeader.pch; sourceTree = "<group>"; };
		09CFACE61EFBDD0A00E0F94C /* HeaderView.h */ = {isa = PBXFileReference; fileEncoding = 4; lastKnownFileType = sourcecode.c.h; name = HeaderView.h; path = Views/HeaderView.h; sourceTree = "<group>"; };
		09CFACE71EFBDD0A00E0F94C /* HeaderView.m */ = {isa = PBXFileReference; fileEncoding = 4; lastKnownFileType = sourcecode.c.objc; name = HeaderView.m; path = Views/HeaderView.m; sourceTree = "<group>"; };
		09CFACEB1EFBE42F00E0F94C /* header@2x.png */ = {isa = PBXFileReference; lastKnownFileType = image.png; name = "header@2x.png"; path = "images/header@2x.png"; sourceTree = "<group>"; };
		09CFACEE1EFBEA0C00E0F94C /* JYWaveView.h */ = {isa = PBXFileReference; fileEncoding = 4; lastKnownFileType = sourcecode.c.h; name = JYWaveView.h; path = JYWaveView/JYWaveView.h; sourceTree = "<group>"; };
		09CFACEF1EFBEA0C00E0F94C /* JYWaveView.m */ = {isa = PBXFileReference; fileEncoding = 4; lastKnownFileType = sourcecode.c.objc; name = JYWaveView.m; path = JYWaveView/JYWaveView.m; sourceTree = "<group>"; };
		09CFACF21EFC14DD00E0F94C /* WeakProxy.h */ = {isa = PBXFileReference; fileEncoding = 4; lastKnownFileType = sourcecode.c.h; name = WeakProxy.h; path = WeakProxy/WeakProxy.h; sourceTree = "<group>"; };
		09CFACF31EFC14DD00E0F94C /* WeakProxy.m */ = {isa = PBXFileReference; fileEncoding = 4; lastKnownFileType = sourcecode.c.objc; name = WeakProxy.m; path = WeakProxy/WeakProxy.m; sourceTree = "<group>"; };
		09CFACF51EFCE13F00E0F94C /* WaveTestViewController.h */ = {isa = PBXFileReference; fileEncoding = 4; lastKnownFileType = sourcecode.c.h; path = WaveTestViewController.h; sourceTree = "<group>"; };
		09CFACF61EFCE13F00E0F94C /* WaveTestViewController.m */ = {isa = PBXFileReference; fileEncoding = 4; lastKnownFileType = sourcecode.c.objc; path = WaveTestViewController.m; sourceTree = "<group>"; };
/* End PBXFileReference section */

/* Begin PBXFrameworksBuildPhase section */
		09CFAC851EFBB91D00E0F94C /* Frameworks */ = {
			isa = PBXFrameworksBuildPhase;
			buildActionMask = 2147483647;
			files = (
			);
			runOnlyForDeploymentPostprocessing = 0;
		};
		09CFAC9E1EFBB91E00E0F94C /* Frameworks */ = {
			isa = PBXFrameworksBuildPhase;
			buildActionMask = 2147483647;
			files = (
			);
			runOnlyForDeploymentPostprocessing = 0;
		};
		09CFACA91EFBB91E00E0F94C /* Frameworks */ = {
			isa = PBXFrameworksBuildPhase;
			buildActionMask = 2147483647;
			files = (
			);
			runOnlyForDeploymentPostprocessing = 0;
		};
/* End PBXFrameworksBuildPhase section */

/* Begin PBXGroup section */
		09CFAC7F1EFBB91D00E0F94C = {
			isa = PBXGroup;
			children = (
				09CFAC8A1EFBB91D00E0F94C /* WaveViewDemo */,
				09CFACA41EFBB91E00E0F94C /* WaveViewDemoTests */,
				09CFACAF1EFBB91E00E0F94C /* WaveViewDemoUITests */,
				09CFAC891EFBB91D00E0F94C /* Products */,
			);
			sourceTree = "<group>";
		};
		09CFAC891EFBB91D00E0F94C /* Products */ = {
			isa = PBXGroup;
			children = (
				09CFAC881EFBB91D00E0F94C /* WaveViewDemo.app */,
				09CFACA11EFBB91E00E0F94C /* WaveViewDemoTests.xctest */,
				09CFACAC1EFBB91E00E0F94C /* WaveViewDemoUITests.xctest */,
			);
			name = Products;
			sourceTree = "<group>";
		};
		09CFAC8A1EFBB91D00E0F94C /* WaveViewDemo */ = {
			isa = PBXGroup;
			children = (
				09CFACF11EFC14AB00E0F94C /* WeakProxy */,
				09CFACED1EFBE9AB00E0F94C /* JYWaveView */,
				09CFACE51EFBD90500E0F94C /* Views */,
				09CFAC8E1EFBB91D00E0F94C /* AppDelegate.h */,
				09CFAC8F1EFBB91D00E0F94C /* AppDelegate.m */,
				09CFACBE1EFBBBE700E0F94C /* BaseTabBarController.h */,
				09CFACBF1EFBBBE700E0F94C /* BaseTabBarController.m */,
				09CFACCA1EFBBDB500E0F94C /* BaseViewController.h */,
				09CFACCB1EFBBDB500E0F94C /* BaseViewController.m */,
				09CFACCD1EFBBDC200E0F94C /* HomeViewController.h */,
				09CFACCE1EFBBDC200E0F94C /* HomeViewController.m */,
				09CFACD01EFBBDD200E0F94C /* MeViewController.h */,
				09CFACD11EFBBDD200E0F94C /* MeViewController.m */,
				09CFACF51EFCE13F00E0F94C /* WaveTestViewController.h */,
				09CFACF61EFCE13F00E0F94C /* WaveTestViewController.m */,
				09CFACD31EFBC85100E0F94C /* images */,
				09CFAC971EFBB91D00E0F94C /* Assets.xcassets */,
				09CFAC9C1EFBB91D00E0F94C /* Info.plist */,
				09CFAC8B1EFBB91D00E0F94C /* Supporting Files */,
			);
			path = WaveViewDemo;
			sourceTree = "<group>";
		};
		09CFAC8B1EFBB91D00E0F94C /* Supporting Files */ = {
			isa = PBXGroup;
			children = (
				09CFAC8C1EFBB91D00E0F94C /* main.m */,
				09CFACE41EFBC96B00E0F94C /* PrefixHeader.pch */,
			);
			name = "Supporting Files";
			sourceTree = "<group>";
		};
		09CFACA41EFBB91E00E0F94C /* WaveViewDemoTests */ = {
			isa = PBXGroup;
			children = (
				09CFACA51EFBB91E00E0F94C /* WaveViewDemoTests.m */,
				09CFACA71EFBB91E00E0F94C /* Info.plist */,
			);
			path = WaveViewDemoTests;
			sourceTree = "<group>";
		};
		09CFACAF1EFBB91E00E0F94C /* WaveViewDemoUITests */ = {
			isa = PBXGroup;
			children = (
				09CFACB01EFBB91E00E0F94C /* WaveViewDemoUITests.m */,
				09CFACB21EFBB91E00E0F94C /* Info.plist */,
			);
			path = WaveViewDemoUITests;
			sourceTree = "<group>";
		};
		09CFACD31EFBC85100E0F94C /* images */ = {
			isa = PBXGroup;
			children = (
				09CFACEB1EFBE42F00E0F94C /* header@2x.png */,
				09CFACD41EFBC89B00E0F94C /* index_icn_active@2x.png */,
				09CFACD51EFBC89B00E0F94C /* index_icn_active@3x.png */,
				09CFACD61EFBC89B00E0F94C /* index_icn_inactive@2x.png */,
				09CFACD71EFBC89B00E0F94C /* index_icn_inactive@3x.png */,
				09CFACD81EFBC89B00E0F94C /* mine_icn_active@2x.png */,
				09CFACD91EFBC89B00E0F94C /* mine_icn_active@3x.png */,
				09CFACDA1EFBC89B00E0F94C /* mine_icn_inactive@2x.png */,
				09CFACDB1EFBC89B00E0F94C /* mine_icn_inactive@3x.png */,
			);
			name = images;
			sourceTree = "<group>";
		};
		09CFACE51EFBD90500E0F94C /* Views */ = {
			isa = PBXGroup;
			children = (
				09CFACE61EFBDD0A00E0F94C /* HeaderView.h */,
				09CFACE71EFBDD0A00E0F94C /* HeaderView.m */,
			);
			name = Views;
			sourceTree = "<group>";
		};
		09CFACED1EFBE9AB00E0F94C /* JYWaveView */ = {
			isa = PBXGroup;
			children = (
				09CFACEE1EFBEA0C00E0F94C /* JYWaveView.h */,
				09CFACEF1EFBEA0C00E0F94C /* JYWaveView.m */,
			);
			name = JYWaveView;
			sourceTree = "<group>";
		};
		09CFACF11EFC14AB00E0F94C /* WeakProxy */ = {
			isa = PBXGroup;
			children = (
				09CFACF21EFC14DD00E0F94C /* WeakProxy.h */,
				09CFACF31EFC14DD00E0F94C /* WeakProxy.m */,
			);
			name = WeakProxy;
			sourceTree = "<group>";
		};
/* End PBXGroup section */

/* Begin PBXNativeTarget section */
		09CFAC871EFBB91D00E0F94C /* WaveViewDemo */ = {
			isa = PBXNativeTarget;
			buildConfigurationList = 09CFACB51EFBB91E00E0F94C /* Build configuration list for PBXNativeTarget "WaveViewDemo" */;
			buildPhases = (
				09CFAC841EFBB91D00E0F94C /* Sources */,
				09CFAC851EFBB91D00E0F94C /* Frameworks */,
				09CFAC861EFBB91D00E0F94C /* Resources */,
			);
			buildRules = (
			);
			dependencies = (
			);
			name = WaveViewDemo;
			productName = WaveViewDemo;
			productReference = 09CFAC881EFBB91D00E0F94C /* WaveViewDemo.app */;
			productType = "com.apple.product-type.application";
		};
		09CFACA01EFBB91E00E0F94C /* WaveViewDemoTests */ = {
			isa = PBXNativeTarget;
			buildConfigurationList = 09CFACB81EFBB91E00E0F94C /* Build configuration list for PBXNativeTarget "WaveViewDemoTests" */;
			buildPhases = (
				09CFAC9D1EFBB91E00E0F94C /* Sources */,
				09CFAC9E1EFBB91E00E0F94C /* Frameworks */,
				09CFAC9F1EFBB91E00E0F94C /* Resources */,
			);
			buildRules = (
			);
			dependencies = (
				09CFACA31EFBB91E00E0F94C /* PBXTargetDependency */,
			);
			name = WaveViewDemoTests;
			productName = WaveViewDemoTests;
			productReference = 09CFACA11EFBB91E00E0F94C /* WaveViewDemoTests.xctest */;
			productType = "com.apple.product-type.bundle.unit-test";
		};
		09CFACAB1EFBB91E00E0F94C /* WaveViewDemoUITests */ = {
			isa = PBXNativeTarget;
			buildConfigurationList = 09CFACBB1EFBB91E00E0F94C /* Build configuration list for PBXNativeTarget "WaveViewDemoUITests" */;
			buildPhases = (
				09CFACA81EFBB91E00E0F94C /* Sources */,
				09CFACA91EFBB91E00E0F94C /* Frameworks */,
				09CFACAA1EFBB91E00E0F94C /* Resources */,
			);
			buildRules = (
			);
			dependencies = (
				09CFACAE1EFBB91E00E0F94C /* PBXTargetDependency */,
			);
			name = WaveViewDemoUITests;
			productName = WaveViewDemoUITests;
			productReference = 09CFACAC1EFBB91E00E0F94C /* WaveViewDemoUITests.xctest */;
			productType = "com.apple.product-type.bundle.ui-testing";
		};
/* End PBXNativeTarget section */

/* Begin PBXProject section */
		09CFAC801EFBB91D00E0F94C /* Project object */ = {
			isa = PBXProject;
			attributes = {
				LastUpgradeCheck = 0830;
				ORGANIZATIONNAME = jyw;
				TargetAttributes = {
					09CFAC871EFBB91D00E0F94C = {
						CreatedOnToolsVersion = 8.3.2;
						DevelopmentTeam = 368DWFGUA5;
						ProvisioningStyle = Automatic;
					};
					09CFACA01EFBB91E00E0F94C = {
						CreatedOnToolsVersion = 8.3.2;
						DevelopmentTeam = 368DWFGUA5;
						ProvisioningStyle = Automatic;
						TestTargetID = 09CFAC871EFBB91D00E0F94C;
					};
					09CFACAB1EFBB91E00E0F94C = {
						CreatedOnToolsVersion = 8.3.2;
						DevelopmentTeam = 368DWFGUA5;
						ProvisioningStyle = Automatic;
						TestTargetID = 09CFAC871EFBB91D00E0F94C;
					};
				};
			};
			buildConfigurationList = 09CFAC831EFBB91D00E0F94C /* Build configuration list for PBXProject "WaveViewDemo" */;
			compatibilityVersion = "Xcode 3.2";
			developmentRegion = English;
			hasScannedForEncodings = 0;
			knownRegions = (
				en,
				Base,
			);
			mainGroup = 09CFAC7F1EFBB91D00E0F94C;
			productRefGroup = 09CFAC891EFBB91D00E0F94C /* Products */;
			projectDirPath = "";
			projectRoot = "";
			targets = (
				09CFAC871EFBB91D00E0F94C /* WaveViewDemo */,
				09CFACA01EFBB91E00E0F94C /* WaveViewDemoTests */,
				09CFACAB1EFBB91E00E0F94C /* WaveViewDemoUITests */,
			);
		};
/* End PBXProject section */

/* Begin PBXResourcesBuildPhase section */
		09CFAC861EFBB91D00E0F94C /* Resources */ = {
			isa = PBXResourcesBuildPhase;
			buildActionMask = 2147483647;
			files = (
				09CFACDF1EFBC89B00E0F94C /* index_icn_inactive@3x.png in Resources */,
				09CFACE21EFBC89B00E0F94C /* mine_icn_inactive@2x.png in Resources */,
				09CFACE31EFBC89B00E0F94C /* mine_icn_inactive@3x.png in Resources */,
				09CFACDD1EFBC89B00E0F94C /* index_icn_active@3x.png in Resources */,
				09CFACDE1EFBC89B00E0F94C /* index_icn_inactive@2x.png in Resources */,
				09CFACDC1EFBC89B00E0F94C /* index_icn_active@2x.png in Resources */,
				09CFACE01EFBC89B00E0F94C /* mine_icn_active@2x.png in Resources */,
				09CFACEC1EFBE42F00E0F94C /* header@2x.png in Resources */,
				09CFAC981EFBB91D00E0F94C /* Assets.xcassets in Resources */,
				09CFACE11EFBC89B00E0F94C /* mine_icn_active@3x.png in Resources */,
			);
			runOnlyForDeploymentPostprocessing = 0;
		};
		09CFAC9F1EFBB91E00E0F94C /* Resources */ = {
			isa = PBXResourcesBuildPhase;
			buildActionMask = 2147483647;
			files = (
			);
			runOnlyForDeploymentPostprocessing = 0;
		};
		09CFACAA1EFBB91E00E0F94C /* Resources */ = {
			isa = PBXResourcesBuildPhase;
			buildActionMask = 2147483647;
			files = (
			);
			runOnlyForDeploymentPostprocessing = 0;
		};
/* End PBXResourcesBuildPhase section */

/* Begin PBXSourcesBuildPhase section */
		09CFAC841EFBB91D00E0F94C /* Sources */ = {
			isa = PBXSourcesBuildPhase;
			buildActionMask = 2147483647;
			files = (
				09CFACF01EFBEA0C00E0F94C /* JYWaveView.m in Sources */,
				09CFACE81EFBDD0A00E0F94C /* HeaderView.m in Sources */,
				09CFACC01EFBBBE700E0F94C /* BaseTabBarController.m in Sources */,
				09CFACCC1EFBBDB500E0F94C /* BaseViewController.m in Sources */,
				09CFACD21EFBBDD200E0F94C /* MeViewController.m in Sources */,
				09CFAC901EFBB91D00E0F94C /* AppDelegate.m in Sources */,
				09CFACF41EFC14DD00E0F94C /* WeakProxy.m in Sources */,
				09CFAC8D1EFBB91D00E0F94C /* main.m in Sources */,
				09CFACCF1EFBBDC200E0F94C /* HomeViewController.m in Sources */,
				09CFACF71EFCE13F00E0F94C /* WaveTestViewController.m in Sources */,
			);
			runOnlyForDeploymentPostprocessing = 0;
		};
		09CFAC9D1EFBB91E00E0F94C /* Sources */ = {
			isa = PBXSourcesBuildPhase;
			buildActionMask = 2147483647;
			files = (
				09CFACA61EFBB91E00E0F94C /* WaveViewDemoTests.m in Sources */,
			);
			runOnlyForDeploymentPostprocessing = 0;
		};
		09CFACA81EFBB91E00E0F94C /* Sources */ = {
			isa = PBXSourcesBuildPhase;
			buildActionMask = 2147483647;
			files = (
				09CFACB11EFBB91E00E0F94C /* WaveViewDemoUITests.m in Sources */,
			);
			runOnlyForDeploymentPostprocessing = 0;
		};
/* End PBXSourcesBuildPhase section */

/* Begin PBXTargetDependency section */
		09CFACA31EFBB91E00E0F94C /* PBXTargetDependency */ = {
			isa = PBXTargetDependency;
			target = 09CFAC871EFBB91D00E0F94C /* WaveViewDemo */;
			targetProxy = 09CFACA21EFBB91E00E0F94C /* PBXContainerItemProxy */;
		};
		09CFACAE1EFBB91E00E0F94C /* PBXTargetDependency */ = {
			isa = PBXTargetDependency;
			target = 09CFAC871EFBB91D00E0F94C /* WaveViewDemo */;
			targetProxy = 09CFACAD1EFBB91E00E0F94C /* PBXContainerItemProxy */;
		};
/* End PBXTargetDependency section */

/* Begin XCBuildConfiguration section */
		09CFACB31EFBB91E00E0F94C /* Debug */ = {
			isa = XCBuildConfiguration;
			buildSettings = {
				ALWAYS_SEARCH_USER_PATHS = NO;
				CLANG_ANALYZER_NONNULL = YES;
				CLANG_ANALYZER_NUMBER_OBJECT_CONVERSION = YES_AGGRESSIVE;
				CLANG_CXX_LANGUAGE_STANDARD = "gnu++0x";
				CLANG_CXX_LIBRARY = "libc++";
				CLANG_ENABLE_MODULES = YES;
				CLANG_ENABLE_OBJC_ARC = YES;
				CLANG_WARN_BOOL_CONVERSION = YES;
				CLANG_WARN_CONSTANT_CONVERSION = YES;
				CLANG_WARN_DIRECT_OBJC_ISA_USAGE = YES_ERROR;
				CLANG_WARN_DOCUMENTATION_COMMENTS = YES;
				CLANG_WARN_EMPTY_BODY = YES;
				CLANG_WARN_ENUM_CONVERSION = YES;
				CLANG_WARN_INFINITE_RECURSION = YES;
				CLANG_WARN_INT_CONVERSION = YES;
				CLANG_WARN_OBJC_ROOT_CLASS = YES_ERROR;
				CLANG_WARN_SUSPICIOUS_MOVE = YES;
				CLANG_WARN_UNREACHABLE_CODE = YES;
				CLANG_WARN__DUPLICATE_METHOD_MATCH = YES;
				"CODE_SIGN_IDENTITY[sdk=iphoneos*]" = "iPhone Developer";
				COPY_PHASE_STRIP = NO;
				DEBUG_INFORMATION_FORMAT = dwarf;
				ENABLE_STRICT_OBJC_MSGSEND = YES;
				ENABLE_TESTABILITY = YES;
				GCC_C_LANGUAGE_STANDARD = gnu99;
				GCC_DYNAMIC_NO_PIC = NO;
				GCC_NO_COMMON_BLOCKS = YES;
				GCC_OPTIMIZATION_LEVEL = 0;
				GCC_PREPROCESSOR_DEFINITIONS = (
					"DEBUG=1",
					"$(inherited)",
				);
				GCC_WARN_64_TO_32_BIT_CONVERSION = YES;
				GCC_WARN_ABOUT_RETURN_TYPE = YES_ERROR;
				GCC_WARN_UNDECLARED_SELECTOR = YES;
				GCC_WARN_UNINITIALIZED_AUTOS = YES_AGGRESSIVE;
				GCC_WARN_UNUSED_FUNCTION = YES;
				GCC_WARN_UNUSED_VARIABLE = YES;
				IPHONEOS_DEPLOYMENT_TARGET = 10.3;
				MTL_ENABLE_DEBUG_INFO = YES;
				ONLY_ACTIVE_ARCH = YES;
				SDKROOT = iphoneos;
				TARGETED_DEVICE_FAMILY = "1,2";
			};
			name = Debug;
		};
		09CFACB41EFBB91E00E0F94C /* Release */ = {
			isa = XCBuildConfiguration;
			buildSettings = {
				ALWAYS_SEARCH_USER_PATHS = NO;
				CLANG_ANALYZER_NONNULL = YES;
				CLANG_ANALYZER_NUMBER_OBJECT_CONVERSION = YES_AGGRESSIVE;
				CLANG_CXX_LANGUAGE_STANDARD = "gnu++0x";
				CLANG_CXX_LIBRARY = "libc++";
				CLANG_ENABLE_MODULES = YES;
				CLANG_ENABLE_OBJC_ARC = YES;
				CLANG_WARN_BOOL_CONVERSION = YES;
				CLANG_WARN_CONSTANT_CONVERSION = YES;
				CLANG_WARN_DIRECT_OBJC_ISA_USAGE = YES_ERROR;
				CLANG_WARN_DOCUMENTATION_COMMENTS = YES;
				CLANG_WARN_EMPTY_BODY = YES;
				CLANG_WARN_ENUM_CONVERSION = YES;
				CLANG_WARN_INFINITE_RECURSION = YES;
				CLANG_WARN_INT_CONVERSION = YES;
				CLANG_WARN_OBJC_ROOT_CLASS = YES_ERROR;
				CLANG_WARN_SUSPICIOUS_MOVE = YES;
				CLANG_WARN_UNREACHABLE_CODE = YES;
				CLANG_WARN__DUPLICATE_METHOD_MATCH = YES;
				"CODE_SIGN_IDENTITY[sdk=iphoneos*]" = "iPhone Developer";
				COPY_PHASE_STRIP = NO;
				DEBUG_INFORMATION_FORMAT = "dwarf-with-dsym";
				ENABLE_NS_ASSERTIONS = NO;
				ENABLE_STRICT_OBJC_MSGSEND = YES;
				GCC_C_LANGUAGE_STANDARD = gnu99;
				GCC_NO_COMMON_BLOCKS = YES;
				GCC_WARN_64_TO_32_BIT_CONVERSION = YES;
				GCC_WARN_ABOUT_RETURN_TYPE = YES_ERROR;
				GCC_WARN_UNDECLARED_SELECTOR = YES;
				GCC_WARN_UNINITIALIZED_AUTOS = YES_AGGRESSIVE;
				GCC_WARN_UNUSED_FUNCTION = YES;
				GCC_WARN_UNUSED_VARIABLE = YES;
				IPHONEOS_DEPLOYMENT_TARGET = 10.3;
				MTL_ENABLE_DEBUG_INFO = NO;
				SDKROOT = iphoneos;
				TARGETED_DEVICE_FAMILY = "1,2";
				VALIDATE_PRODUCT = YES;
			};
			name = Release;
		};
		09CFACB61EFBB91E00E0F94C /* Debug */ = {
			isa = XCBuildConfiguration;
			buildSettings = {
				ASSETCATALOG_COMPILER_APPICON_NAME = AppIcon;
				ASSETCATALOG_COMPILER_LAUNCHIMAGE_NAME = LaunchImage;
				DEVELOPMENT_TEAM = 368DWFGUA5;
				GCC_PRECOMPILE_PREFIX_HEADER = YES;
				GCC_PREFIX_HEADER = WaveViewDemo/PrefixHeader.pch;
				INFOPLIST_FILE = WaveViewDemo/Info.plist;
				IPHONEOS_DEPLOYMENT_TARGET = 8.0;
				LD_RUNPATH_SEARCH_PATHS = "$(inherited) @executable_path/Frameworks";
				PRODUCT_BUNDLE_IDENTIFIER = com.jyw.WaveViewDemo;
				PRODUCT_NAME = "$(TARGET_NAME)";
			};
			name = Debug;
		};
		09CFACB71EFBB91E00E0F94C /* Release */ = {
			isa = XCBuildConfiguration;
			buildSettings = {
				ASSETCATALOG_COMPILER_APPICON_NAME = AppIcon;
				ASSETCATALOG_COMPILER_LAUNCHIMAGE_NAME = LaunchImage;
				DEVELOPMENT_TEAM = 368DWFGUA5;
				GCC_PRECOMPILE_PREFIX_HEADER = YES;
				GCC_PREFIX_HEADER = WaveViewDemo/PrefixHeader.pch;
				INFOPLIST_FILE = WaveViewDemo/Info.plist;
				IPHONEOS_DEPLOYMENT_TARGET = 8.0;
				LD_RUNPATH_SEARCH_PATHS = "$(inherited) @executable_path/Frameworks";
				PRODUCT_BUNDLE_IDENTIFIER = com.jyw.WaveViewDemo;
				PRODUCT_NAME = "$(TARGET_NAME)";
			};
			name = Release;
		};
		09CFACB91EFBB91E00E0F94C /* Debug */ = {
			isa = XCBuildConfiguration;
			buildSettings = {
				BUNDLE_LOADER = "$(TEST_HOST)";
				DEVELOPMENT_TEAM = 368DWFGUA5;
				INFOPLIST_FILE = WaveViewDemoTests/Info.plist;
				LD_RUNPATH_SEARCH_PATHS = "$(inherited) @executable_path/Frameworks @loader_path/Frameworks";
				PRODUCT_BUNDLE_IDENTIFIER = com.jyw.WaveViewDemoTests;
				PRODUCT_NAME = "$(TARGET_NAME)";
				TEST_HOST = "$(BUILT_PRODUCTS_DIR)/WaveViewDemo.app/WaveViewDemo";
			};
			name = Debug;
		};
		09CFACBA1EFBB91E00E0F94C /* Release */ = {
			isa = XCBuildConfiguration;
			buildSettings = {
				BUNDLE_LOADER = "$(TEST_HOST)";
				DEVELOPMENT_TEAM = 368DWFGUA5;
				INFOPLIST_FILE = WaveViewDemoTests/Info.plist;
				LD_RUNPATH_SEARCH_PATHS = "$(inherited) @executable_path/Frameworks @loader_path/Frameworks";
				PRODUCT_BUNDLE_IDENTIFIER = com.jyw.WaveViewDemoTests;
				PRODUCT_NAME = "$(TARGET_NAME)";
				TEST_HOST = "$(BUILT_PRODUCTS_DIR)/WaveViewDemo.app/WaveViewDemo";
			};
			name = Release;
		};
		09CFACBC1EFBB91E00E0F94C /* Debug */ = {
			isa = XCBuildConfiguration;
			buildSettings = {
				DEVELOPMENT_TEAM = 368DWFGUA5;
				INFOPLIST_FILE = WaveViewDemoUITests/Info.plist;
				LD_RUNPATH_SEARCH_PATHS = "$(inherited) @executable_path/Frameworks @loader_path/Frameworks";
				PRODUCT_BUNDLE_IDENTIFIER = com.jyw.WaveViewDemoUITests;
				PRODUCT_NAME = "$(TARGET_NAME)";
				TEST_TARGET_NAME = WaveViewDemo;
			};
			name = Debug;
		};
		09CFACBD1EFBB91E00E0F94C /* Release */ = {
			isa = XCBuildConfiguration;
			buildSettings = {
				DEVELOPMENT_TEAM = 368DWFGUA5;
				INFOPLIST_FILE = WaveViewDemoUITests/Info.plist;
				LD_RUNPATH_SEARCH_PATHS = "$(inherited) @executable_path/Frameworks @loader_path/Frameworks";
				PRODUCT_BUNDLE_IDENTIFIER = com.jyw.WaveViewDemoUITests;
				PRODUCT_NAME = "$(TARGET_NAME)";
				TEST_TARGET_NAME = WaveViewDemo;
			};
			name = Release;
		};
/* End XCBuildConfiguration section */

/* Begin XCConfigurationList section */
		09CFAC831EFBB91D00E0F94C /* Build configuration list for PBXProject "WaveViewDemo" */ = {
			isa = XCConfigurationList;
			buildConfigurations = (
				09CFACB31EFBB91E00E0F94C /* Debug */,
				09CFACB41EFBB91E00E0F94C /* Release */,
			);
			defaultConfigurationIsVisible = 0;
			defaultConfigurationName = Release;
		};
		09CFACB51EFBB91E00E0F94C /* Build configuration list for PBXNativeTarget "WaveViewDemo" */ = {
			isa = XCConfigurationList;
			buildConfigurations = (
				09CFACB61EFBB91E00E0F94C /* Debug */,
				09CFACB71EFBB91E00E0F94C /* Release */,
			);
			defaultConfigurationIsVisible = 0;
			defaultConfigurationName = Release;
		};
		09CFACB81EFBB91E00E0F94C /* Build configuration list for PBXNativeTarget "WaveViewDemoTests" */ = {
			isa = XCConfigurationList;
			buildConfigurations = (
				09CFACB91EFBB91E00E0F94C /* Debug */,
				09CFACBA1EFBB91E00E0F94C /* Release */,
			);
			defaultConfigurationIsVisible = 0;
			defaultConfigurationName = Release;
		};
		09CFACBB1EFBB91E00E0F94C /* Build configuration list for PBXNativeTarget "WaveViewDemoUITests" */ = {
			isa = XCConfigurationList;
			buildConfigurations = (
				09CFACBC1EFBB91E00E0F94C /* Debug */,
				09CFACBD1EFBB91E00E0F94C /* Release */,
			);
			defaultConfigurationIsVisible = 0;
			defaultConfigurationName = Release;
		};
/* End XCConfigurationList section */
	};
	rootObject = 09CFAC801EFBB91D00E0F94C /* Project object */;
}
